
Microsoft Visual Studio Solution File, Format Version 12.00
# Visual Studio Version 16
VisualStudioVersion = 16.0.30114.105
MinimumVisualStudioVersion = 10.0.40219.1
Project("{F2A71F9B-5D33-465A-A702-920D77279786}") = "Frontend", "Frontend\Frontend.fsproj", "{079ACB6C-882C-4686-A9A0-0E623B9DA016}"
EndProject
Project("{F2A71F9B-5D33-465A-A702-920D77279786}") = "Frontend.Tests", "Frontend.Tests\Frontend.Tests.fsproj", "{2B4B2516-A3F2-414A-A71B-6DCCB89FCC7A}"
EndProject
Project("{F2A71F9B-5D33-465A-A702-920D77279786}") = "Backend", "Backend\Backend.fsproj", "{88A33A0F-3F9A-489D-81F7-18295F915262}"
EndProject
Global
	GlobalSection(SolutionConfigurationPlatforms) = preSolution
		Debug|Any CPU = Debug|Any CPU
		Debug|x64 = Debug|x64
		Debug|x86 = Debug|x86
		Release|Any CPU = Release|Any CPU
		Release|x64 = Release|x64
		Release|x86 = Release|x86
	EndGlobalSection
	GlobalSection(SolutionProperties) = preSolution
		HideSolutionNode = FALSE
	EndGlobalSection
	GlobalSection(ProjectConfigurationPlatforms) = postSolution
		{079ACB6C-882C-4686-A9A0-0E623B9DA016}.Debug|Any CPU.ActiveCfg = Debug|Any CPU
		{079ACB6C-882C-4686-A9A0-0E623B9DA016}.Debug|Any CPU.Build.0 = Debug|Any CPU
		{079ACB6C-882C-4686-A9A0-0E623B9DA016}.Debug|x64.ActiveCfg = Debug|Any CPU
		{079ACB6C-882C-4686-A9A0-0E623B9DA016}.Debug|x64.Build.0 = Debug|Any CPU
		{079ACB6C-882C-4686-A9A0-0E623B9DA016}.Debug|x86.ActiveCfg = Debug|Any CPU
		{079ACB6C-882C-4686-A9A0-0E623B9DA016}.Debug|x86.Build.0 = Debug|Any CPU
		{079ACB6C-882C-4686-A9A0-0E623B9DA016}.Release|Any CPU.ActiveCfg = Release|Any CPU
		{079ACB6C-882C-4686-A9A0-0E623B9DA016}.Release|Any CPU.Build.0 = Release|Any CPU
		{079ACB6C-882C-4686-A9A0-0E623B9DA016}.Release|x64.ActiveCfg = Release|Any CPU
		{079ACB6C-882C-4686-A9A0-0E623B9DA016}.Release|x64.Build.0 = Release|Any CPU
		{079ACB6C-882C-4686-A9A0-0E623B9DA016}.Release|x86.ActiveCfg = Release|Any CPU
		{079ACB6C-882C-4686-A9A0-0E623B9DA016}.Release|x86.Build.0 = Release|Any CPU
		{2B4B2516-A3F2-414A-A71B-6DCCB89FCC7A}.Debug|Any CPU.ActiveCfg = Debug|Any CPU
		{2B4B2516-A3F2-414A-A71B-6DCCB89FCC7A}.Debug|Any CPU.Build.0 = Debug|Any CPU
		{2B4B2516-A3F2-414A-A71B-6DCCB89FCC7A}.Debug|x64.ActiveCfg = Debug|Any CPU
		{2B4B2516-A3F2-414A-A71B-6DCCB89FCC7A}.Debug|x64.Build.0 = Debug|Any CPU
		{2B4B2516-A3F2-414A-A71B-6DCCB89FCC7A}.Debug|x86.ActiveCfg = Debug|Any CPU
		{2B4B2516-A3F2-414A-A71B-6DCCB89FCC7A}.Debug|x86.Build.0 = Debug|Any CPU
		{2B4B2516-A3F2-414A-A71B-6DCCB89FCC7A}.Release|Any CPU.ActiveCfg = Release|Any CPU
		{2B4B2516-A3F2-414A-A71B-6DCCB89FCC7A}.Release|Any CPU.Build.0 = Release|Any CPU
		{2B4B2516-A3F2-414A-A71B-6DCCB89FCC7A}.Release|x64.ActiveCfg = Release|Any CPU
		{2B4B2516-A3F2-414A-A71B-6DCCB89FCC7A}.Release|x64.Build.0 = Release|Any CPU
		{2B4B2516-A3F2-414A-A71B-6DCCB89FCC7A}.Release|x86.ActiveCfg = Release|Any CPU
		{2B4B2516-A3F2-414A-A71B-6DCCB89FCC7A}.Release|x86.Build.0 = Release|Any CPU
		{88A33A0F-3F9A-489D-81F7-18295F915262}.Debug|Any CPU.ActiveCfg = Debug|Any CPU
		{88A33A0F-3F9A-489D-81F7-18295F915262}.Debug|Any CPU.Build.0 = Debug|Any CPU
		{88A33A0F-3F9A-489D-81F7-18295F915262}.Debug|x64.ActiveCfg = Debug|Any CPU
		{88A33A0F-3F9A-489D-81F7-18295F915262}.Debug|x64.Build.0 = Debug|Any CPU
		{88A33A0F-3F9A-489D-81F7-18295F915262}.Debug|x86.ActiveCfg = Debug|Any CPU
		{88A33A0F-3F9A-489D-81F7-18295F915262}.Debug|x86.Build.0 = Debug|Any CPU
		{88A33A0F-3F9A-489D-81F7-18295F915262}.Release|Any CPU.ActiveCfg = Release|Any CPU
		{88A33A0F-3F9A-489D-81F7-18295F915262}.Release|Any CPU.Build.0 = Release|Any CPU
		{88A33A0F-3F9A-489D-81F7-18295F915262}.Release|x64.ActiveCfg = Release|Any CPU
		{88A33A0F-3F9A-489D-81F7-18295F915262}.Release|x64.Build.0 = Release|Any CPU
		{88A33A0F-3F9A-489D-81F7-18295F915262}.Release|x86.ActiveCfg = Release|Any CPU
		{88A33A0F-3F9A-489D-81F7-18295F915262}.Release|x86.Build.0 = Release|Any CPU
	EndGlobalSection
EndGlobal
